
Microsoft Visual Studio Solution File, Format Version 12.00
# Visual Studio Version 16
VisualStudioVersion = 16.0.31829.152
MinimumVisualStudioVersion = 10.0.40219.1
Project("{9A19103F-16F7-4668-BE54-9A1E7A4F7556}") = "FYDs", "FYDs.csproj", "{27EE15D9-3505-427C-B1C7-E15ED0DC4B79}"
EndProject
Global
	GlobalSection(SolutionConfigurationPlatforms) = preSolution
		Debug|Any CPU = Debug|Any CPU
		Release|Any CPU = Release|Any CPU
	EndGlobalSection
	GlobalSection(ProjectConfigurationPlatforms) = postSolution
		{27EE15D9-3505-427C-B1C7-E15ED0DC4B79}.Debug|Any CPU.ActiveCfg = Debug|Any CPU
		{27EE15D9-3505-427C-B1C7-E15ED0DC4B79}.Debug|Any CPU.Build.0 = Debug|Any CPU
		{27EE15D9-3505-427C-B1C7-E15ED0DC4B79}.Release|Any CPU.ActiveCfg = Release|Any CPU
		{27EE15D9-3505-427C-B1C7-E15ED0DC4B79}.Release|Any CPU.Build.0 = Release|Any CPU
	EndGlobalSection
	GlobalSection(SolutionProperties) = preSolution
		HideSolutionNode = FALSE
	EndGlobalSection
	GlobalSection(ExtensibilityGlobals) = postSolution
		SolutionGuid = {09DE2198-8A10-473C-8A8E-E52B3B1EB591}
	EndGlobalSection
EndGlobal
